// !$*UTF8*$!
{
	archiveVersion = 1;
	classes = {
	};
	objectVersion = 50;
	objects = {

/* Begin PBXBuildFile section */
		763C6FC32568845F00E78C77 /* Wildebeest.swift in Sources */ = {isa = PBXBuildFile; fileRef = 763C6FC22568845F00E78C77 /* Wildebeest.swift */; };
		763C6FC6256884C800E78C77 /* Wolf.swift in Sources */ = {isa = PBXBuildFile; fileRef = 763C6FC5256884C800E78C77 /* Wolf.swift */; };
		763C6FC9256885FC00E78C77 /* AnimalWorld.swift in Sources */ = {isa = PBXBuildFile; fileRef = 763C6FC8256885FC00E78C77 /* AnimalWorld.swift */; };
		7673173325672B5A00C26744 /* main.swift in Sources */ = {isa = PBXBuildFile; fileRef = 7673173225672B5A00C26744 /* main.swift */; };
		7673173C25672CFC00C26744 /* ContinentFactory.swift in Sources */ = {isa = PBXBuildFile; fileRef = 7673173B25672CFC00C26744 /* ContinentFactory.swift */; };
		7673174025672F0A00C26744 /* AfricaFactory.swift in Sources */ = {isa = PBXBuildFile; fileRef = 7673173F25672F0A00C26744 /* AfricaFactory.swift */; };
		7673174525672F7A00C26744 /* Herbivore.swift in Sources */ = {isa = PBXBuildFile; fileRef = 7673174425672F7A00C26744 /* Herbivore.swift */; };
		7673174825672FA300C26744 /* Carnivore.swift in Sources */ = {isa = PBXBuildFile; fileRef = 7673174725672FA300C26744 /* Carnivore.swift */; };
		7673174B2567303100C26744 /* AmericanFactory.swift in Sources */ = {isa = PBXBuildFile; fileRef = 7673174A2567303100C26744 /* AmericanFactory.swift */; };
		767317532567333C00C26744 /* Bison.swift in Sources */ = {isa = PBXBuildFile; fileRef = 767317522567333C00C26744 /* Bison.swift */; };
		767317562567336800C26744 /* Lion.swift in Sources */ = {isa = PBXBuildFile; fileRef = 767317552567336800C26744 /* Lion.swift */; };
		767D36892570AB1B002EE884 /* Director.swift in Sources */ = {isa = PBXBuildFile; fileRef = 767D36882570AB1B002EE884 /* Director.swift */; };
		767D368C2570AB95002EE884 /* Car.swift in Sources */ = {isa = PBXBuildFile; fileRef = 767D368B2570AB95002EE884 /* Car.swift */; };
		767D368F2570ABB6002EE884 /* Manual.swift in Sources */ = {isa = PBXBuildFile; fileRef = 767D368E2570ABB6002EE884 /* Manual.swift */; };
		767D36922570ABC8002EE884 /* CarBuilder.swift in Sources */ = {isa = PBXBuildFile; fileRef = 767D36912570ABC8002EE884 /* CarBuilder.swift */; };
		76C2CCE6257073270083BD9B /* Builder.swift in Sources */ = {isa = PBXBuildFile; fileRef = 76C2CCE5257073270083BD9B /* Builder.swift */; };
/* End PBXBuildFile section */

/* Begin PBXCopyFilesBuildPhase section */
		7673172D25672B5A00C26744 /* CopyFiles */ = {
			isa = PBXCopyFilesBuildPhase;
			buildActionMask = 2147483647;
			dstPath = /usr/share/man/man1/;
			dstSubfolderSpec = 0;
			files = (
			);
			runOnlyForDeploymentPostprocessing = 1;
		};
/* End PBXCopyFilesBuildPhase section */

/* Begin PBXFileReference section */
		763C6FC22568845F00E78C77 /* Wildebeest.swift */ = {isa = PBXFileReference; lastKnownFileType = sourcecode.swift; path = Wildebeest.swift; sourceTree = "<group>"; };
		763C6FC5256884C800E78C77 /* Wolf.swift */ = {isa = PBXFileReference; lastKnownFileType = sourcecode.swift; path = Wolf.swift; sourceTree = "<group>"; };
		763C6FC8256885FC00E78C77 /* AnimalWorld.swift */ = {isa = PBXFileReference; lastKnownFileType = sourcecode.swift; path = AnimalWorld.swift; sourceTree = "<group>"; };
		7673172F25672B5A00C26744 /* Creational Patterns */ = {isa = PBXFileReference; explicitFileType = "compiled.mach-o.executable"; includeInIndex = 0; path = "Creational Patterns"; sourceTree = BUILT_PRODUCTS_DIR; };
		7673173225672B5A00C26744 /* main.swift */ = {isa = PBXFileReference; lastKnownFileType = sourcecode.swift; path = main.swift; sourceTree = "<group>"; };
		7673173B25672CFC00C26744 /* ContinentFactory.swift */ = {isa = PBXFileReference; lastKnownFileType = sourcecode.swift; path = ContinentFactory.swift; sourceTree = "<group>"; };
		7673173F25672F0A00C26744 /* AfricaFactory.swift */ = {isa = PBXFileReference; lastKnownFileType = sourcecode.swift; path = AfricaFactory.swift; sourceTree = "<group>"; };
		7673174425672F7A00C26744 /* Herbivore.swift */ = {isa = PBXFileReference; lastKnownFileType = sourcecode.swift; path = Herbivore.swift; sourceTree = "<group>"; };
		7673174725672FA300C26744 /* Carnivore.swift */ = {isa = PBXFileReference; lastKnownFileType = sourcecode.swift; path = Carnivore.swift; sourceTree = "<group>"; };
		7673174A2567303100C26744 /* AmericanFactory.swift */ = {isa = PBXFileReference; lastKnownFileType = sourcecode.swift; path = AmericanFactory.swift; sourceTree = "<group>"; };
		767317522567333C00C26744 /* Bison.swift */ = {isa = PBXFileReference; lastKnownFileType = sourcecode.swift; path = Bison.swift; sourceTree = "<group>"; };
		767317552567336800C26744 /* Lion.swift */ = {isa = PBXFileReference; lastKnownFileType = sourcecode.swift; path = Lion.swift; sourceTree = "<group>"; };
		767D36882570AB1B002EE884 /* Director.swift */ = {isa = PBXFileReference; lastKnownFileType = sourcecode.swift; path = Director.swift; sourceTree = "<group>"; };
		767D368B2570AB95002EE884 /* Car.swift */ = {isa = PBXFileReference; lastKnownFileType = sourcecode.swift; path = Car.swift; sourceTree = "<group>"; };
		767D368E2570ABB6002EE884 /* Manual.swift */ = {isa = PBXFileReference; lastKnownFileType = sourcecode.swift; path = Manual.swift; sourceTree = "<group>"; };
		767D36912570ABC8002EE884 /* CarBuilder.swift */ = {isa = PBXFileReference; lastKnownFileType = sourcecode.swift; path = CarBuilder.swift; sourceTree = "<group>"; };
		76C2CCE5257073270083BD9B /* Builder.swift */ = {isa = PBXFileReference; lastKnownFileType = sourcecode.swift; path = Builder.swift; sourceTree = "<group>"; };
/* End PBXFileReference section */

/* Begin PBXFrameworksBuildPhase section */
		7673172C25672B5A00C26744 /* Frameworks */ = {
			isa = PBXFrameworksBuildPhase;
			buildActionMask = 2147483647;
			files = (
			);
			runOnlyForDeploymentPostprocessing = 0;
		};
/* End PBXFrameworksBuildPhase section */

/* Begin PBXGroup section */
		763C6FCB25688E9B00E78C77 /* Factory */ = {
			isa = PBXGroup;
			children = (
			);
			path = Factory;
			sourceTree = "<group>";
		};
		7673172625672B5A00C26744 = {
			isa = PBXGroup;
			children = (
				7673173125672B5A00C26744 /* Creational Patterns */,
				7673173025672B5A00C26744 /* Products */,
			);
			sourceTree = "<group>";
		};
		7673173025672B5A00C26744 /* Products */ = {
			isa = PBXGroup;
			children = (
				7673172F25672B5A00C26744 /* Creational Patterns */,
			);
			name = Products;
			sourceTree = "<group>";
		};
		7673173125672B5A00C26744 /* Creational Patterns */ = {
			isa = PBXGroup;
			children = (
				76C2CCE4257071F30083BD9B /* Builder */,
				763C6FCB25688E9B00E78C77 /* Factory */,
				7673173A25672B6700C26744 /* Abstract Factory */,
				7673173225672B5A00C26744 /* main.swift */,
			);
			path = "Creational Patterns";
			sourceTree = "<group>";
		};
		7673173A25672B6700C26744 /* Abstract Factory */ = {
			isa = PBXGroup;
			children = (
				7673173B25672CFC00C26744 /* ContinentFactory.swift */,
				7673173F25672F0A00C26744 /* AfricaFactory.swift */,
				7673174425672F7A00C26744 /* Herbivore.swift */,
				7673174725672FA300C26744 /* Carnivore.swift */,
				7673174A2567303100C26744 /* AmericanFactory.swift */,
				767317522567333C00C26744 /* Bison.swift */,
				767317552567336800C26744 /* Lion.swift */,
				763C6FC22568845F00E78C77 /* Wildebeest.swift */,
				763C6FC5256884C800E78C77 /* Wolf.swift */,
				763C6FC8256885FC00E78C77 /* AnimalWorld.swift */,
			);
			path = "Abstract Factory";
			sourceTree = "<group>";
		};
		76C2CCE4257071F30083BD9B /* Builder */ = {
			isa = PBXGroup;
			children = (
				76C2CCE5257073270083BD9B /* Builder.swift */,
				767D36882570AB1B002EE884 /* Director.swift */,
				767D368B2570AB95002EE884 /* Car.swift */,
				767D368E2570ABB6002EE884 /* Manual.swift */,
				767D36912570ABC8002EE884 /* CarBuilder.swift */,
			);
			path = Builder;
			sourceTree = "<group>";
		};
/* End PBXGroup section */

/* Begin PBXNativeTarget section */
		7673172E25672B5A00C26744 /* Creational Patterns */ = {
			isa = PBXNativeTarget;
			buildConfigurationList = 7673173625672B5A00C26744 /* Build configuration list for PBXNativeTarget "Creational Patterns" */;
			buildPhases = (
				7673172B25672B5A00C26744 /* Sources */,
				7673172C25672B5A00C26744 /* Frameworks */,
				7673172D25672B5A00C26744 /* CopyFiles */,
			);
			buildRules = (
			);
			dependencies = (
			);
			name = "Creational Patterns";
			productName = "Creational Patterns";
			productReference = 7673172F25672B5A00C26744 /* Creational Patterns */;
			productType = "com.apple.product-type.tool";
		};
/* End PBXNativeTarget section */

/* Begin PBXProject section */
		7673172725672B5A00C26744 /* Project object */ = {
			isa = PBXProject;
			attributes = {
				LastSwiftUpdateCheck = 1220;
				LastUpgradeCheck = 1220;
				TargetAttributes = {
					7673172E25672B5A00C26744 = {
						CreatedOnToolsVersion = 12.2;
					};
				};
			};
			buildConfigurationList = 7673172A25672B5A00C26744 /* Build configuration list for PBXProject "Creational Patterns" */;
			compatibilityVersion = "Xcode 9.3";
			developmentRegion = en;
			hasScannedForEncodings = 0;
			knownRegions = (
				en,
				Base,
			);
			mainGroup = 7673172625672B5A00C26744;
			productRefGroup = 7673173025672B5A00C26744 /* Products */;
			projectDirPath = "";
			projectRoot = "";
			targets = (
				7673172E25672B5A00C26744 /* Creational Patterns */,
			);
		};
/* End PBXProject section */

/* Begin PBXSourcesBuildPhase section */
		7673172B25672B5A00C26744 /* Sources */ = {
			isa = PBXSourcesBuildPhase;
			buildActionMask = 2147483647;
			files = (
				7673174525672F7A00C26744 /* Herbivore.swift in Sources */,
				767D36892570AB1B002EE884 /* Director.swift in Sources */,
				7673173325672B5A00C26744 /* main.swift in Sources */,
				763C6FC9256885FC00E78C77 /* AnimalWorld.swift in Sources */,
				7673174B2567303100C26744 /* AmericanFactory.swift in Sources */,
				763C6FC6256884C800E78C77 /* Wolf.swift in Sources */,
				7673174025672F0A00C26744 /* AfricaFactory.swift in Sources */,
				767317532567333C00C26744 /* Bison.swift in Sources */,
				767D36922570ABC8002EE884 /* CarBuilder.swift in Sources */,
				7673174825672FA300C26744 /* Carnivore.swift in Sources */,
				763C6FC32568845F00E78C77 /* Wildebeest.swift in Sources */,
				7673173C25672CFC00C26744 /* ContinentFactory.swift in Sources */,
				767D368F2570ABB6002EE884 /* Manual.swift in Sources */,
				767317562567336800C26744 /* Lion.swift in Sources */,
				767D368C2570AB95002EE884 /* Car.swift in Sources */,
				76C2CCE6257073270083BD9B /* Builder.swift in Sources */,
			);
			runOnlyForDeploymentPostprocessing = 0;
		};
/* End PBXSourcesBuildPhase section */

/* Begin XCBuildConfiguration section */
		7673173425672B5A00C26744 /* Debug */ = {
			isa = XCBuildConfiguration;
			buildSettings = {
				ALWAYS_SEARCH_USER_PATHS = NO;
				CLANG_ANALYZER_NONNULL = YES;
				CLANG_ANALYZER_NUMBER_OBJECT_CONVERSION = YES_AGGRESSIVE;
				CLANG_CXX_LANGUAGE_STANDARD = "gnu++14";
				CLANG_CXX_LIBRARY = "libc++";
				CLANG_ENABLE_MODULES = YES;
				CLANG_ENABLE_OBJC_ARC = YES;
				CLANG_ENABLE_OBJC_WEAK = YES;
				CLANG_WARN_BLOCK_CAPTURE_AUTORELEASING = YES;
				CLANG_WARN_BOOL_CONVERSION = YES;
				CLANG_WARN_COMMA = YES;
				CLANG_WARN_CONSTANT_CONVERSION = YES;
				CLANG_WARN_DEPRECATED_OBJC_IMPLEMENTATIONS = YES;
				CLANG_WARN_DIRECT_OBJC_ISA_USAGE = YES_ERROR;
				CLANG_WARN_DOCUMENTATION_COMMENTS = YES;
				CLANG_WARN_EMPTY_BODY = YES;
				CLANG_WARN_ENUM_CONVERSION = YES;
				CLANG_WARN_INFINITE_RECURSION = YES;
				CLANG_WARN_INT_CONVERSION = YES;
				CLANG_WARN_NON_LITERAL_NULL_CONVERSION = YES;
				CLANG_WARN_OBJC_IMPLICIT_RETAIN_SELF = YES;
				CLANG_WARN_OBJC_LITERAL_CONVERSION = YES;
				CLANG_WARN_OBJC_ROOT_CLASS = YES_ERROR;
				CLANG_WARN_QUOTED_INCLUDE_IN_FRAMEWORK_HEADER = YES;
				CLANG_WARN_RANGE_LOOP_ANALYSIS = YES;
				CLANG_WARN_STRICT_PROTOTYPES = YES;
				CLANG_WARN_SUSPICIOUS_MOVE = YES;
				CLANG_WARN_UNGUARDED_AVAILABILITY = YES_AGGRESSIVE;
				CLANG_WARN_UNREACHABLE_CODE = YES;
				CLANG_WARN__DUPLICATE_METHOD_MATCH = YES;
				COPY_PHASE_STRIP = NO;
				DEBUG_INFORMATION_FORMAT = dwarf;
				ENABLE_STRICT_OBJC_MSGSEND = YES;
				ENABLE_TESTABILITY = YES;
				GCC_C_LANGUAGE_STANDARD = gnu11;
				GCC_DYNAMIC_NO_PIC = NO;
				GCC_NO_COMMON_BLOCKS = YES;
				GCC_OPTIMIZATION_LEVEL = 0;
				GCC_PREPROCESSOR_DEFINITIONS = (
					"DEBUG=1",
					"$(inherited)",
				);
				GCC_WARN_64_TO_32_BIT_CONVERSION = YES;
				GCC_WARN_ABOUT_RETURN_TYPE = YES_ERROR;
				GCC_WARN_UNDECLARED_SELECTOR = YES;
				GCC_WARN_UNINITIALIZED_AUTOS = YES_AGGRESSIVE;
				GCC_WARN_UNUSED_FUNCTION = YES;
				GCC_WARN_UNUSED_VARIABLE = YES;
				MACOSX_DEPLOYMENT_TARGET = 11.0;
				MTL_ENABLE_DEBUG_INFO = INCLUDE_SOURCE;
				MTL_FAST_MATH = YES;
				ONLY_ACTIVE_ARCH = YES;
				SDKROOT = macosx;
				SWIFT_ACTIVE_COMPILATION_CONDITIONS = DEBUG;
				SWIFT_OPTIMIZATION_LEVEL = "-Onone";
			};
			name = Debug;
		};
		7673173525672B5A00C26744 /* Release */ = {
			isa = XCBuildConfiguration;
			buildSettings = {
				ALWAYS_SEARCH_USER_PATHS = NO;
				CLANG_ANALYZER_NONNULL = YES;
				CLANG_ANALYZER_NUMBER_OBJECT_CONVERSION = YES_AGGRESSIVE;
				CLANG_CXX_LANGUAGE_STANDARD = "gnu++14";
				CLANG_CXX_LIBRARY = "libc++";
				CLANG_ENABLE_MODULES = YES;
				CLANG_ENABLE_OBJC_ARC = YES;
				CLANG_ENABLE_OBJC_WEAK = YES;
				CLANG_WARN_BLOCK_CAPTURE_AUTORELEASING = YES;
				CLANG_WARN_BOOL_CONVERSION = YES;
				CLANG_WARN_COMMA = YES;
				CLANG_WARN_CONSTANT_CONVERSION = YES;
				CLANG_WARN_DEPRECATED_OBJC_IMPLEMENTATIONS = YES;
				CLANG_WARN_DIRECT_OBJC_ISA_USAGE = YES_ERROR;
				CLANG_WARN_DOCUMENTATION_COMMENTS = YES;
				CLANG_WARN_EMPTY_BODY = YES;
				CLANG_WARN_ENUM_CONVERSION = YES;
				CLANG_WARN_INFINITE_RECURSION = YES;
				CLANG_WARN_INT_CONVERSION = YES;
				CLANG_WARN_NON_LITERAL_NULL_CONVERSION = YES;
				CLANG_WARN_OBJC_IMPLICIT_RETAIN_SELF = YES;
				CLANG_WARN_OBJC_LITERAL_CONVERSION = YES;
				CLANG_WARN_OBJC_ROOT_CLASS = YES_ERROR;
				CLANG_WARN_QUOTED_INCLUDE_IN_FRAMEWORK_HEADER = YES;
				CLANG_WARN_RANGE_LOOP_ANALYSIS = YES;
				CLANG_WARN_STRICT_PROTOTYPES = YES;
				CLANG_WARN_SUSPICIOUS_MOVE = YES;
				CLANG_WARN_UNGUARDED_AVAILABILITY = YES_AGGRESSIVE;
				CLANG_WARN_UNREACHABLE_CODE = YES;
				CLANG_WARN__DUPLICATE_METHOD_MATCH = YES;
				COPY_PHASE_STRIP = NO;
				DEBUG_INFORMATION_FORMAT = "dwarf-with-dsym";
				ENABLE_NS_ASSERTIONS = NO;
				ENABLE_STRICT_OBJC_MSGSEND = YES;
				GCC_C_LANGUAGE_STANDARD = gnu11;
				GCC_NO_COMMON_BLOCKS = YES;
				GCC_WARN_64_TO_32_BIT_CONVERSION = YES;
				GCC_WARN_ABOUT_RETURN_TYPE = YES_ERROR;
				GCC_WARN_UNDECLARED_SELECTOR = YES;
				GCC_WARN_UNINITIALIZED_AUTOS = YES_AGGRESSIVE;
				GCC_WARN_UNUSED_FUNCTION = YES;
				GCC_WARN_UNUSED_VARIABLE = YES;
				MACOSX_DEPLOYMENT_TARGET = 11.0;
				MTL_ENABLE_DEBUG_INFO = NO;
				MTL_FAST_MATH = YES;
				SDKROOT = macosx;
				SWIFT_COMPILATION_MODE = wholemodule;
				SWIFT_OPTIMIZATION_LEVEL = "-O";
			};
			name = Release;
		};
		7673173725672B5A00C26744 /* Debug */ = {
			isa = XCBuildConfiguration;
			buildSettings = {
				CODE_SIGN_STYLE = Automatic;
				DEVELOPMENT_TEAM = Q3ZV44D2SB;
				ENABLE_HARDENED_RUNTIME = YES;
				PRODUCT_NAME = "$(TARGET_NAME)";
				SWIFT_VERSION = 5.0;
			};
			name = Debug;
		};
		7673173825672B5A00C26744 /* Release */ = {
			isa = XCBuildConfiguration;
			buildSettings = {
				CODE_SIGN_STYLE = Automatic;
				DEVELOPMENT_TEAM = Q3ZV44D2SB;
				ENABLE_HARDENED_RUNTIME = YES;
				PRODUCT_NAME = "$(TARGET_NAME)";
				SWIFT_VERSION = 5.0;
			};
			name = Release;
		};
/* End XCBuildConfiguration section */

/* Begin XCConfigurationList section */
		7673172A25672B5A00C26744 /* Build configuration list for PBXProject "Creational Patterns" */ = {
			isa = XCConfigurationList;
			buildConfigurations = (
				7673173425672B5A00C26744 /* Debug */,
				7673173525672B5A00C26744 /* Release */,
			);
			defaultConfigurationIsVisible = 0;
			defaultConfigurationName = Release;
		};
		7673173625672B5A00C26744 /* Build configuration list for PBXNativeTarget "Creational Patterns" */ = {
			isa = XCConfigurationList;
			buildConfigurations = (
				7673173725672B5A00C26744 /* Debug */,
				7673173825672B5A00C26744 /* Release */,
			);
			defaultConfigurationIsVisible = 0;
			defaultConfigurationName = Release;
		};
/* End XCConfigurationList section */
	};
	rootObject = 7673172725672B5A00C26744 /* Project object */;
}
